
Microsoft Visual Studio Solution File, Format Version 12.00
# Visual Studio Version 16
VisualStudioVersion = 16.0.29102.190
MinimumVisualStudioVersion = 10.0.40219.1
Project("{FAE04EC0-301F-11D3-BF4B-00C04F79EFBC}") = "StringBalanceTester", "StringBalanceTester\StringBalanceTester.csproj", "{2C35711B-7356-4757-BA5F-9420B7855AB6}"
EndProject
Project("{FAE04EC0-301F-11D3-BF4B-00C04F79EFBC}") = "TaxBracketCalc", "TaxBracketCalc\TaxBracketCalc.csproj", "{46E886DE-DEA9-4738-A6F6-ED39B4BCEC5E}"
EndProject
Project("{FAE04EC0-301F-11D3-BF4B-00C04F79EFBC}") = "TwoSum", "TwoSum\TwoSum.csproj", "{FB7697CC-1253-4FC6-A4A6-FE1A70AD3422}"
EndProject
Project("{FAE04EC0-301F-11D3-BF4B-00C04F79EFBC}") = "SingleNumber", "SingleNumber\SingleNumber.csproj", "{D966748A-9FF6-4CAC-8F37-F1CCD764B79A}"
EndProject
Global
	GlobalSection(SolutionConfigurationPlatforms) = preSolution
		Debug|Any CPU = Debug|Any CPU
		Release|Any CPU = Release|Any CPU
	EndGlobalSection
	GlobalSection(ProjectConfigurationPlatforms) = postSolution
		{2C35711B-7356-4757-BA5F-9420B7855AB6}.Debug|Any CPU.ActiveCfg = Debug|Any CPU
		{2C35711B-7356-4757-BA5F-9420B7855AB6}.Debug|Any CPU.Build.0 = Debug|Any CPU
		{2C35711B-7356-4757-BA5F-9420B7855AB6}.Release|Any CPU.ActiveCfg = Release|Any CPU
		{2C35711B-7356-4757-BA5F-9420B7855AB6}.Release|Any CPU.Build.0 = Release|Any CPU
		{46E886DE-DEA9-4738-A6F6-ED39B4BCEC5E}.Debug|Any CPU.ActiveCfg = Debug|Any CPU
		{46E886DE-DEA9-4738-A6F6-ED39B4BCEC5E}.Debug|Any CPU.Build.0 = Debug|Any CPU
		{46E886DE-DEA9-4738-A6F6-ED39B4BCEC5E}.Release|Any CPU.ActiveCfg = Release|Any CPU
		{46E886DE-DEA9-4738-A6F6-ED39B4BCEC5E}.Release|Any CPU.Build.0 = Release|Any CPU
		{FB7697CC-1253-4FC6-A4A6-FE1A70AD3422}.Debug|Any CPU.ActiveCfg = Debug|Any CPU
		{FB7697CC-1253-4FC6-A4A6-FE1A70AD3422}.Debug|Any CPU.Build.0 = Debug|Any CPU
		{FB7697CC-1253-4FC6-A4A6-FE1A70AD3422}.Release|Any CPU.ActiveCfg = Release|Any CPU
		{FB7697CC-1253-4FC6-A4A6-FE1A70AD3422}.Release|Any CPU.Build.0 = Release|Any CPU
		{D966748A-9FF6-4CAC-8F37-F1CCD764B79A}.Debug|Any CPU.ActiveCfg = Debug|Any CPU
		{D966748A-9FF6-4CAC-8F37-F1CCD764B79A}.Debug|Any CPU.Build.0 = Debug|Any CPU
		{D966748A-9FF6-4CAC-8F37-F1CCD764B79A}.Release|Any CPU.ActiveCfg = Release|Any CPU
		{D966748A-9FF6-4CAC-8F37-F1CCD764B79A}.Release|Any CPU.Build.0 = Release|Any CPU
	EndGlobalSection
	GlobalSection(SolutionProperties) = preSolution
		HideSolutionNode = FALSE
	EndGlobalSection
	GlobalSection(ExtensibilityGlobals) = postSolution
		SolutionGuid = {52E70B68-F775-4E6D-8B40-D3EB13393CB4}
	EndGlobalSection
EndGlobal
